// !$*UTF8*$!
{
	archiveVersion = 1;
	classes = {
	};
	objectVersion = 50;
	objects = {

/* Begin PBXBuildFile section */
		AF0943D925BFBF3A0083D936 /* GenreGridView.swift in Sources */ = {isa = PBXBuildFile; fileRef = AF0943D825BFBF3A0083D936 /* GenreGridView.swift */; };
		AF0943DC25BFC9DA0083D936 /* CustomBottomSheetView.swift in Sources */ = {isa = PBXBuildFile; fileRef = AF0943DB25BFC9DA0083D936 /* CustomBottomSheetView.swift */; };
		AF0943E425C05F6B0083D936 /* MovieDetailsHeaderView.swift in Sources */ = {isa = PBXBuildFile; fileRef = AF0943E325C05F6B0083D936 /* MovieDetailsHeaderView.swift */; };
		AF0943E725C060350083D936 /* MovieDetailsView.swift in Sources */ = {isa = PBXBuildFile; fileRef = AF0943E625C060350083D936 /* MovieDetailsView.swift */; };
		AF0943EA25C06A290083D936 /* DatePickerView.swift in Sources */ = {isa = PBXBuildFile; fileRef = AF0943E925C06A290083D936 /* DatePickerView.swift */; };
		AF0943ED25C0818F0083D936 /* WeekDay.swift in Sources */ = {isa = PBXBuildFile; fileRef = AF0943EC25C0818F0083D936 /* WeekDay.swift */; };
		AF0943F025C0C9540083D936 /* MoviezWatchTimeGridView.swift in Sources */ = {isa = PBXBuildFile; fileRef = AF0943EF25C0C9540083D936 /* MoviezWatchTimeGridView.swift */; };
		AF0943F325C1F13E0083D936 /* SeatsReservationView.swift in Sources */ = {isa = PBXBuildFile; fileRef = AF0943F225C1F13E0083D936 /* SeatsReservationView.swift */; };
		AFA0ACE925BFA90300970C91 /* RatingView.swift in Sources */ = {isa = PBXBuildFile; fileRef = AFA0ACE825BFA90300970C91 /* RatingView.swift */; };
		AFA16C9D25BE3C42005BB6B1 /* MoviezApp.swift in Sources */ = {isa = PBXBuildFile; fileRef = AFA16C9C25BE3C42005BB6B1 /* MoviezApp.swift */; };
		AFA16C9F25BE3C42005BB6B1 /* MoviezView.swift in Sources */ = {isa = PBXBuildFile; fileRef = AFA16C9E25BE3C42005BB6B1 /* MoviezView.swift */; };
		AFA16CA125BE3C43005BB6B1 /* Assets.xcassets in Resources */ = {isa = PBXBuildFile; fileRef = AFA16CA025BE3C43005BB6B1 /* Assets.xcassets */; };
		AFA16CA425BE3C43005BB6B1 /* Preview Assets.xcassets in Resources */ = {isa = PBXBuildFile; fileRef = AFA16CA325BE3C43005BB6B1 /* Preview Assets.xcassets */; };
		AFA16CB825BF2408005BB6B1 /* Moviez.swift in Sources */ = {isa = PBXBuildFile; fileRef = AFA16CB725BF2408005BB6B1 /* Moviez.swift */; };
		AFA3CC4025C4E2C3007C77F5 /* Seat.swift in Sources */ = {isa = PBXBuildFile; fileRef = AFA3CC3F25C4E2C3007C77F5 /* Seat.swift */; };
		AFA3CC4425C4E6CE007C77F5 /* ScreenShape.swift in Sources */ = {isa = PBXBuildFile; fileRef = AFA3CC4325C4E6CE007C77F5 /* ScreenShape.swift */; };
		AFA3CC4725C4FC76007C77F5 /* ChairView.swift in Sources */ = {isa = PBXBuildFile; fileRef = AFA3CC4625C4FC76007C77F5 /* ChairView.swift */; };
		AFA3CC4A25C50701007C77F5 /* ChairLegendView.swift in Sources */ = {isa = PBXBuildFile; fileRef = AFA3CC4925C50701007C77F5 /* ChairLegendView.swift */; };
		AFA3CC4D25C58BCC007C77F5 /* SeatsReservationNavBar.swift in Sources */ = {isa = PBXBuildFile; fileRef = AFA3CC4C25C58BCC007C77F5 /* SeatsReservationNavBar.swift */; };
/* End PBXBuildFile section */

/* Begin PBXFileReference section */
		AF0943D825BFBF3A0083D936 /* GenreGridView.swift */ = {isa = PBXFileReference; lastKnownFileType = sourcecode.swift; path = GenreGridView.swift; sourceTree = "<group>"; };
		AF0943DB25BFC9DA0083D936 /* CustomBottomSheetView.swift */ = {isa = PBXFileReference; lastKnownFileType = sourcecode.swift; path = CustomBottomSheetView.swift; sourceTree = "<group>"; };
		AF0943E325C05F6B0083D936 /* MovieDetailsHeaderView.swift */ = {isa = PBXFileReference; lastKnownFileType = sourcecode.swift; path = MovieDetailsHeaderView.swift; sourceTree = "<group>"; };
		AF0943E625C060350083D936 /* MovieDetailsView.swift */ = {isa = PBXFileReference; lastKnownFileType = sourcecode.swift; path = MovieDetailsView.swift; sourceTree = "<group>"; };
		AF0943E925C06A290083D936 /* DatePickerView.swift */ = {isa = PBXFileReference; lastKnownFileType = sourcecode.swift; path = DatePickerView.swift; sourceTree = "<group>"; };
		AF0943EC25C0818F0083D936 /* WeekDay.swift */ = {isa = PBXFileReference; lastKnownFileType = sourcecode.swift; path = WeekDay.swift; sourceTree = "<group>"; };
		AF0943EF25C0C9540083D936 /* MoviezWatchTimeGridView.swift */ = {isa = PBXFileReference; lastKnownFileType = sourcecode.swift; path = MoviezWatchTimeGridView.swift; sourceTree = "<group>"; };
		AF0943F225C1F13E0083D936 /* SeatsReservationView.swift */ = {isa = PBXFileReference; lastKnownFileType = sourcecode.swift; path = SeatsReservationView.swift; sourceTree = "<group>"; };
		AFA0ACE825BFA90300970C91 /* RatingView.swift */ = {isa = PBXFileReference; lastKnownFileType = sourcecode.swift; path = RatingView.swift; sourceTree = "<group>"; };
		AFA16C9925BE3C42005BB6B1 /* Moviez.app */ = {isa = PBXFileReference; explicitFileType = wrapper.application; includeInIndex = 0; path = Moviez.app; sourceTree = BUILT_PRODUCTS_DIR; };
		AFA16C9C25BE3C42005BB6B1 /* MoviezApp.swift */ = {isa = PBXFileReference; lastKnownFileType = sourcecode.swift; path = MoviezApp.swift; sourceTree = "<group>"; };
		AFA16C9E25BE3C42005BB6B1 /* MoviezView.swift */ = {isa = PBXFileReference; lastKnownFileType = sourcecode.swift; path = MoviezView.swift; sourceTree = "<group>"; };
		AFA16CA025BE3C43005BB6B1 /* Assets.xcassets */ = {isa = PBXFileReference; lastKnownFileType = folder.assetcatalog; path = Assets.xcassets; sourceTree = "<group>"; };
		AFA16CA325BE3C43005BB6B1 /* Preview Assets.xcassets */ = {isa = PBXFileReference; lastKnownFileType = folder.assetcatalog; path = "Preview Assets.xcassets"; sourceTree = "<group>"; };
		AFA16CA525BE3C43005BB6B1 /* Info.plist */ = {isa = PBXFileReference; lastKnownFileType = text.plist.xml; path = Info.plist; sourceTree = "<group>"; };
		AFA16CB725BF2408005BB6B1 /* Moviez.swift */ = {isa = PBXFileReference; lastKnownFileType = sourcecode.swift; path = Moviez.swift; sourceTree = "<group>"; };
		AFA3CC3F25C4E2C3007C77F5 /* Seat.swift */ = {isa = PBXFileReference; lastKnownFileType = sourcecode.swift; path = Seat.swift; sourceTree = "<group>"; };
		AFA3CC4325C4E6CE007C77F5 /* ScreenShape.swift */ = {isa = PBXFileReference; lastKnownFileType = sourcecode.swift; path = ScreenShape.swift; sourceTree = "<group>"; };
		AFA3CC4625C4FC76007C77F5 /* ChairView.swift */ = {isa = PBXFileReference; lastKnownFileType = sourcecode.swift; path = ChairView.swift; sourceTree = "<group>"; };
		AFA3CC4925C50701007C77F5 /* ChairLegendView.swift */ = {isa = PBXFileReference; lastKnownFileType = sourcecode.swift; path = ChairLegendView.swift; sourceTree = "<group>"; };
		AFA3CC4C25C58BCC007C77F5 /* SeatsReservationNavBar.swift */ = {isa = PBXFileReference; lastKnownFileType = sourcecode.swift; path = SeatsReservationNavBar.swift; sourceTree = "<group>"; };
/* End PBXFileReference section */

/* Begin PBXFrameworksBuildPhase section */
		AFA16C9625BE3C42005BB6B1 /* Frameworks */ = {
			isa = PBXFrameworksBuildPhase;
			buildActionMask = 2147483647;
			files = (
			);
			runOnlyForDeploymentPostprocessing = 0;
		};
/* End PBXFrameworksBuildPhase section */

/* Begin PBXGroup section */
		AFA16C9025BE3C42005BB6B1 = {
			isa = PBXGroup;
			children = (
				AFA16C9B25BE3C42005BB6B1 /* Moviez */,
				AFA16C9A25BE3C42005BB6B1 /* Products */,
			);
			sourceTree = "<group>";
		};
		AFA16C9A25BE3C42005BB6B1 /* Products */ = {
			isa = PBXGroup;
			children = (
				AFA16C9925BE3C42005BB6B1 /* Moviez.app */,
			);
			name = Products;
			sourceTree = "<group>";
		};
		AFA16C9B25BE3C42005BB6B1 /* Moviez */ = {
			isa = PBXGroup;
			children = (
				AFA3CC4225C4E6AE007C77F5 /* Shapes */,
				AFA16CB625BF23E2005BB6B1 /* Models */,
				AFA16C9C25BE3C42005BB6B1 /* MoviezApp.swift */,
				AFA16CB325BF172B005BB6B1 /* Views */,
				AFA16CA025BE3C43005BB6B1 /* Assets.xcassets */,
				AFA16CA525BE3C43005BB6B1 /* Info.plist */,
				AFA16CA225BE3C43005BB6B1 /* Preview Content */,
			);
			path = Moviez;
			sourceTree = "<group>";
		};
		AFA16CA225BE3C43005BB6B1 /* Preview Content */ = {
			isa = PBXGroup;
			children = (
				AFA16CA325BE3C43005BB6B1 /* Preview Assets.xcassets */,
			);
			path = "Preview Content";
			sourceTree = "<group>";
		};
		AFA16CB325BF172B005BB6B1 /* Views */ = {
			isa = PBXGroup;
			children = (
				AFA16C9E25BE3C42005BB6B1 /* MoviezView.swift */,
				AFA0ACE825BFA90300970C91 /* RatingView.swift */,
				AF0943D825BFBF3A0083D936 /* GenreGridView.swift */,
				AF0943DB25BFC9DA0083D936 /* CustomBottomSheetView.swift */,
				AF0943E325C05F6B0083D936 /* MovieDetailsHeaderView.swift */,
				AF0943E625C060350083D936 /* MovieDetailsView.swift */,
				AF0943E925C06A290083D936 /* DatePickerView.swift */,
				AF0943EF25C0C9540083D936 /* MoviezWatchTimeGridView.swift */,
				AF0943F225C1F13E0083D936 /* SeatsReservationView.swift */,
				AFA3CC4625C4FC76007C77F5 /* ChairView.swift */,
				AFA3CC4925C50701007C77F5 /* ChairLegendView.swift */,
				AFA3CC4C25C58BCC007C77F5 /* SeatsReservationNavBar.swift */,
			);
			path = Views;
			sourceTree = "<group>";
		};
		AFA16CB625BF23E2005BB6B1 /* Models */ = {
			isa = PBXGroup;
			children = (
				AFA16CB725BF2408005BB6B1 /* Moviez.swift */,
				AF0943EC25C0818F0083D936 /* WeekDay.swift */,
				AFA3CC3F25C4E2C3007C77F5 /* Seat.swift */,
			);
			path = Models;
			sourceTree = "<group>";
		};
		AFA3CC4225C4E6AE007C77F5 /* Shapes */ = {
			isa = PBXGroup;
			children = (
				AFA3CC4325C4E6CE007C77F5 /* ScreenShape.swift */,
			);
			path = Shapes;
			sourceTree = "<group>";
		};
/* End PBXGroup section */

/* Begin PBXNativeTarget section */
		AFA16C9825BE3C42005BB6B1 /* Moviez */ = {
			isa = PBXNativeTarget;
			buildConfigurationList = AFA16CA825BE3C43005BB6B1 /* Build configuration list for PBXNativeTarget "Moviez" */;
			buildPhases = (
				AFA16C9525BE3C42005BB6B1 /* Sources */,
				AFA16C9625BE3C42005BB6B1 /* Frameworks */,
				AFA16C9725BE3C42005BB6B1 /* Resources */,
			);
			buildRules = (
			);
			dependencies = (
			);
			name = Moviez;
			productName = Moviez;
			productReference = AFA16C9925BE3C42005BB6B1 /* Moviez.app */;
			productType = "com.apple.product-type.application";
		};
/* End PBXNativeTarget section */

/* Begin PBXProject section */
		AFA16C9125BE3C42005BB6B1 /* Project object */ = {
			isa = PBXProject;
			attributes = {
				LastSwiftUpdateCheck = 1230;
				LastUpgradeCheck = 1230;
				TargetAttributes = {
					AFA16C9825BE3C42005BB6B1 = {
						CreatedOnToolsVersion = 12.3;
					};
				};
			};
			buildConfigurationList = AFA16C9425BE3C42005BB6B1 /* Build configuration list for PBXProject "Moviez" */;
			compatibilityVersion = "Xcode 9.3";
			developmentRegion = en;
			hasScannedForEncodings = 0;
			knownRegions = (
				en,
				Base,
			);
			mainGroup = AFA16C9025BE3C42005BB6B1;
			productRefGroup = AFA16C9A25BE3C42005BB6B1 /* Products */;
			projectDirPath = "";
			projectRoot = "";
			targets = (
				AFA16C9825BE3C42005BB6B1 /* Moviez */,
			);
		};
/* End PBXProject section */

/* Begin PBXResourcesBuildPhase section */
		AFA16C9725BE3C42005BB6B1 /* Resources */ = {
			isa = PBXResourcesBuildPhase;
			buildActionMask = 2147483647;
			files = (
				AFA16CA425BE3C43005BB6B1 /* Preview Assets.xcassets in Resources */,
				AFA16CA125BE3C43005BB6B1 /* Assets.xcassets in Resources */,
			);
			runOnlyForDeploymentPostprocessing = 0;
		};
/* End PBXResourcesBuildPhase section */

/* Begin PBXSourcesBuildPhase section */
		AFA16C9525BE3C42005BB6B1 /* Sources */ = {
			isa = PBXSourcesBuildPhase;
			buildActionMask = 2147483647;
			files = (
				AFA3CC4025C4E2C3007C77F5 /* Seat.swift in Sources */,
				AFA3CC4A25C50701007C77F5 /* ChairLegendView.swift in Sources */,
				AFA3CC4725C4FC76007C77F5 /* ChairView.swift in Sources */,
				AF0943DC25BFC9DA0083D936 /* CustomBottomSheetView.swift in Sources */,
				AFA3CC4D25C58BCC007C77F5 /* SeatsReservationNavBar.swift in Sources */,
				AF0943D925BFBF3A0083D936 /* GenreGridView.swift in Sources */,
				AF0943F325C1F13E0083D936 /* SeatsReservationView.swift in Sources */,
				AF0943ED25C0818F0083D936 /* WeekDay.swift in Sources */,
				AF0943E725C060350083D936 /* MovieDetailsView.swift in Sources */,
				AF0943EA25C06A290083D936 /* DatePickerView.swift in Sources */,
				AF0943E425C05F6B0083D936 /* MovieDetailsHeaderView.swift in Sources */,
				AFA16C9F25BE3C42005BB6B1 /* MoviezView.swift in Sources */,
				AFA16C9D25BE3C42005BB6B1 /* MoviezApp.swift in Sources */,
				AFA16CB825BF2408005BB6B1 /* Moviez.swift in Sources */,
				AFA3CC4425C4E6CE007C77F5 /* ScreenShape.swift in Sources */,
				AF0943F025C0C9540083D936 /* MoviezWatchTimeGridView.swift in Sources */,
				AFA0ACE925BFA90300970C91 /* RatingView.swift in Sources */,
			);
			runOnlyForDeploymentPostprocessing = 0;
		};
/* End PBXSourcesBuildPhase section */

/* Begin XCBuildConfiguration section */
		AFA16CA625BE3C43005BB6B1 /* Debug */ = {
			isa = XCBuildConfiguration;
			buildSettings = {
				ALWAYS_SEARCH_USER_PATHS = NO;
				CLANG_ANALYZER_NONNULL = YES;
				CLANG_ANALYZER_NUMBER_OBJECT_CONVERSION = YES_AGGRESSIVE;
				CLANG_CXX_LANGUAGE_STANDARD = "gnu++14";
				CLANG_CXX_LIBRARY = "libc++";
				CLANG_ENABLE_MODULES = YES;
				CLANG_ENABLE_OBJC_ARC = YES;
				CLANG_ENABLE_OBJC_WEAK = YES;
				CLANG_WARN_BLOCK_CAPTURE_AUTORELEASING = YES;
				CLANG_WARN_BOOL_CONVERSION = YES;
				CLANG_WARN_COMMA = YES;
				CLANG_WARN_CONSTANT_CONVERSION = YES;
				CLANG_WARN_DEPRECATED_OBJC_IMPLEMENTATIONS = YES;
				CLANG_WARN_DIRECT_OBJC_ISA_USAGE = YES_ERROR;
				CLANG_WARN_DOCUMENTATION_COMMENTS = YES;
				CLANG_WARN_EMPTY_BODY = YES;
				CLANG_WARN_ENUM_CONVERSION = YES;
				CLANG_WARN_INFINITE_RECURSION = YES;
				CLANG_WARN_INT_CONVERSION = YES;
				CLANG_WARN_NON_LITERAL_NULL_CONVERSION = YES;
				CLANG_WARN_OBJC_IMPLICIT_RETAIN_SELF = YES;
				CLANG_WARN_OBJC_LITERAL_CONVERSION = YES;
				CLANG_WARN_OBJC_ROOT_CLASS = YES_ERROR;
				CLANG_WARN_QUOTED_INCLUDE_IN_FRAMEWORK_HEADER = YES;
				CLANG_WARN_RANGE_LOOP_ANALYSIS = YES;
				CLANG_WARN_STRICT_PROTOTYPES = YES;
				CLANG_WARN_SUSPICIOUS_MOVE = YES;
				CLANG_WARN_UNGUARDED_AVAILABILITY = YES_AGGRESSIVE;
				CLANG_WARN_UNREACHABLE_CODE = YES;
				CLANG_WARN__DUPLICATE_METHOD_MATCH = YES;
				COPY_PHASE_STRIP = NO;
				DEBUG_INFORMATION_FORMAT = dwarf;
				ENABLE_STRICT_OBJC_MSGSEND = YES;
				ENABLE_TESTABILITY = YES;
				GCC_C_LANGUAGE_STANDARD = gnu11;
				GCC_DYNAMIC_NO_PIC = NO;
				GCC_NO_COMMON_BLOCKS = YES;
				GCC_OPTIMIZATION_LEVEL = 0;
				GCC_PREPROCESSOR_DEFINITIONS = (
					"DEBUG=1",
					"$(inherited)",
				);
				GCC_WARN_64_TO_32_BIT_CONVERSION = YES;
				GCC_WARN_ABOUT_RETURN_TYPE = YES_ERROR;
				GCC_WARN_UNDECLARED_SELECTOR = YES;
				GCC_WARN_UNINITIALIZED_AUTOS = YES_AGGRESSIVE;
				GCC_WARN_UNUSED_FUNCTION = YES;
				GCC_WARN_UNUSED_VARIABLE = YES;
				IPHONEOS_DEPLOYMENT_TARGET = 14.3;
				MTL_ENABLE_DEBUG_INFO = INCLUDE_SOURCE;
				MTL_FAST_MATH = YES;
				ONLY_ACTIVE_ARCH = YES;
				SDKROOT = iphoneos;
				SWIFT_ACTIVE_COMPILATION_CONDITIONS = DEBUG;
				SWIFT_OPTIMIZATION_LEVEL = "-Onone";
			};
			name = Debug;
		};
		AFA16CA725BE3C43005BB6B1 /* Release */ = {
			isa = XCBuildConfiguration;
			buildSettings = {
				ALWAYS_SEARCH_USER_PATHS = NO;
				CLANG_ANALYZER_NONNULL = YES;
				CLANG_ANALYZER_NUMBER_OBJECT_CONVERSION = YES_AGGRESSIVE;
				CLANG_CXX_LANGUAGE_STANDARD = "gnu++14";
				CLANG_CXX_LIBRARY = "libc++";
				CLANG_ENABLE_MODULES = YES;
				CLANG_ENABLE_OBJC_ARC = YES;
				CLANG_ENABLE_OBJC_WEAK = YES;
				CLANG_WARN_BLOCK_CAPTURE_AUTORELEASING = YES;
				CLANG_WARN_BOOL_CONVERSION = YES;
				CLANG_WARN_COMMA = YES;
				CLANG_WARN_CONSTANT_CONVERSION = YES;
				CLANG_WARN_DEPRECATED_OBJC_IMPLEMENTATIONS = YES;
				CLANG_WARN_DIRECT_OBJC_ISA_USAGE = YES_ERROR;
				CLANG_WARN_DOCUMENTATION_COMMENTS = YES;
				CLANG_WARN_EMPTY_BODY = YES;
				CLANG_WARN_ENUM_CONVERSION = YES;
				CLANG_WARN_INFINITE_RECURSION = YES;
				CLANG_WARN_INT_CONVERSION = YES;
				CLANG_WARN_NON_LITERAL_NULL_CONVERSION = YES;
				CLANG_WARN_OBJC_IMPLICIT_RETAIN_SELF = YES;
				CLANG_WARN_OBJC_LITERAL_CONVERSION = YES;
				CLANG_WARN_OBJC_ROOT_CLASS = YES_ERROR;
				CLANG_WARN_QUOTED_INCLUDE_IN_FRAMEWORK_HEADER = YES;
				CLANG_WARN_RANGE_LOOP_ANALYSIS = YES;
				CLANG_WARN_STRICT_PROTOTYPES = YES;
				CLANG_WARN_SUSPICIOUS_MOVE = YES;
				CLANG_WARN_UNGUARDED_AVAILABILITY = YES_AGGRESSIVE;
				CLANG_WARN_UNREACHABLE_CODE = YES;
				CLANG_WARN__DUPLICATE_METHOD_MATCH = YES;
				COPY_PHASE_STRIP = NO;
				DEBUG_INFORMATION_FORMAT = "dwarf-with-dsym";
				ENABLE_NS_ASSERTIONS = NO;
				ENABLE_STRICT_OBJC_MSGSEND = YES;
				GCC_C_LANGUAGE_STANDARD = gnu11;
				GCC_NO_COMMON_BLOCKS = YES;
				GCC_WARN_64_TO_32_BIT_CONVERSION = YES;
				GCC_WARN_ABOUT_RETURN_TYPE = YES_ERROR;
				GCC_WARN_UNDECLARED_SELECTOR = YES;
				GCC_WARN_UNINITIALIZED_AUTOS = YES_AGGRESSIVE;
				GCC_WARN_UNUSED_FUNCTION = YES;
				GCC_WARN_UNUSED_VARIABLE = YES;
				IPHONEOS_DEPLOYMENT_TARGET = 14.3;
				MTL_ENABLE_DEBUG_INFO = NO;
				MTL_FAST_MATH = YES;
				SDKROOT = iphoneos;
				SWIFT_COMPILATION_MODE = wholemodule;
				SWIFT_OPTIMIZATION_LEVEL = "-O";
				VALIDATE_PRODUCT = YES;
			};
			name = Release;
		};
		AFA16CA925BE3C43005BB6B1 /* Debug */ = {
			isa = XCBuildConfiguration;
			buildSettings = {
				ASSETCATALOG_COMPILER_APPICON_NAME = AppIcon;
				ASSETCATALOG_COMPILER_GLOBAL_ACCENT_COLOR_NAME = AccentColor;
				CODE_SIGN_STYLE = Automatic;
				DEVELOPMENT_ASSET_PATHS = "\"Moviez/Preview Content\"";
				DEVELOPMENT_TEAM = AKJK3W9R78;
				ENABLE_PREVIEWS = YES;
				INFOPLIST_FILE = Moviez/Info.plist;
				IPHONEOS_DEPLOYMENT_TARGET = 14.0;
				LD_RUNPATH_SEARCH_PATHS = (
					"$(inherited)",
					"@executable_path/Frameworks",
				);
				PRODUCT_BUNDLE_IDENTIFIER = dev.rexsunon.Moviez;
				PRODUCT_NAME = "$(TARGET_NAME)";
				SWIFT_VERSION = 5.0;
				TARGETED_DEVICE_FAMILY = "1,2";
			};
			name = Debug;
		};
		AFA16CAA25BE3C43005BB6B1 /* Release */ = {
			isa = XCBuildConfiguration;
			buildSettings = {
				ASSETCATALOG_COMPILER_APPICON_NAME = AppIcon;
				ASSETCATALOG_COMPILER_GLOBAL_ACCENT_COLOR_NAME = AccentColor;
				CODE_SIGN_STYLE = Automatic;
				DEVELOPMENT_ASSET_PATHS = "\"Moviez/Preview Content\"";
				DEVELOPMENT_TEAM = AKJK3W9R78;
				ENABLE_PREVIEWS = YES;
				INFOPLIST_FILE = Moviez/Info.plist;
				IPHONEOS_DEPLOYMENT_TARGET = 14.0;
				LD_RUNPATH_SEARCH_PATHS = (
					"$(inherited)",
					"@executable_path/Frameworks",
				);
				PRODUCT_BUNDLE_IDENTIFIER = dev.rexsunon.Moviez;
				PRODUCT_NAME = "$(TARGET_NAME)";
				SWIFT_VERSION = 5.0;
				TARGETED_DEVICE_FAMILY = "1,2";
			};
			name = Release;
		};
/* End XCBuildConfiguration section */

/* Begin XCConfigurationList section */
		AFA16C9425BE3C42005BB6B1 /* Build configuration list for PBXProject "Moviez" */ = {
			isa = XCConfigurationList;
			buildConfigurations = (
				AFA16CA625BE3C43005BB6B1 /* Debug */,
				AFA16CA725BE3C43005BB6B1 /* Release */,
			);
			defaultConfigurationIsVisible = 0;
			defaultConfigurationName = Release;
		};
		AFA16CA825BE3C43005BB6B1 /* Build configuration list for PBXNativeTarget "Moviez" */ = {
			isa = XCConfigurationList;
			buildConfigurations = (
				AFA16CA925BE3C43005BB6B1 /* Debug */,
				AFA16CAA25BE3C43005BB6B1 /* Release */,
			);
			defaultConfigurationIsVisible = 0;
			defaultConfigurationName = Release;
		};
/* End XCConfigurationList section */
	};
	rootObject = AFA16C9125BE3C42005BB6B1 /* Project object */;
}
